
Microsoft Visual Studio Solution File, Format Version 12.00
# Visual Studio Express 2013 for Windows Desktop
VisualStudioVersion = 12.0.21005.1
MinimumVisualStudioVersion = 10.0.40219.1
Project("{F184B08F-C81C-45F6-A57F-5ABD9991F28F}") = "TMENU", "TMENU\TMENU.vbproj", "{D2201528-7C5C-4A60-A673-4B2760170530}"
EndProject
Project("{F184B08F-C81C-45F6-A57F-5ABD9991F28F}") = "T005", "..\T005\T005\T005.vbproj", "{ACBE4C9B-4418-412C-8D31-7772EC62CC65}"
EndProject
Project("{F184B08F-C81C-45F6-A57F-5ABD9991F28F}") = "T002", "..\T002\T002\T002.vbproj", "{B7D994F6-7956-42C9-A29D-63351AFFDA2F}"
EndProject
Project("{F184B08F-C81C-45F6-A57F-5ABD9991F28F}") = "T003", "..\T003\T003\T003.vbproj", "{3FD45C70-7C8C-459F-AEE5-FB782F5AAC1D}"
EndProject
Project("{F184B08F-C81C-45F6-A57F-5ABD9991F28F}") = "T004", "..\T004\T004\T004.vbproj", "{A606BA13-F733-4C59-B9FA-3C5EB7951FBA}"
EndProject
Project("{F184B08F-C81C-45F6-A57F-5ABD9991F28F}") = "T006", "..\T006\T006\T006.vbproj", "{135497FA-AECA-43E5-B6FC-6C8CF806A642}"
EndProject
Project("{F184B08F-C81C-45F6-A57F-5ABD9991F28F}") = "T007", "..\T007\T007\T007.vbproj", "{A4CE6F03-089E-4AC1-8514-304AFA896B90}"
EndProject
Project("{F184B08F-C81C-45F6-A57F-5ABD9991F28F}") = "T008", "..\T008\T008\T008.vbproj", "{B0156994-0926-4863-9D56-4ED24DD5D74E}"
EndProject
Project("{F184B08F-C81C-45F6-A57F-5ABD9991F28F}") = "T010", "..\T010\T010\T010.vbproj", "{C2444886-C7F6-4248-98DF-C7700F11DFEB}"
EndProject
Project("{F184B08F-C81C-45F6-A57F-5ABD9991F28F}") = "T009", "..\T009\T009\T009.vbproj", "{270FBABE-030A-4871-ADAE-4ED6EADD7E9F}"
EndProject
Project("{F184B08F-C81C-45F6-A57F-5ABD9991F28F}") = "T011", "..\T011\T011\T011.vbproj", "{7751CBAA-070E-4B39-9B80-D8D55C7EA4CD}"
EndProject
Project("{F184B08F-C81C-45F6-A57F-5ABD9991F28F}") = "T012", "..\T012\T012\T012.vbproj", "{538020B3-1D75-4BC5-A8BD-445941B8A48A}"
EndProject
Project("{F184B08F-C81C-45F6-A57F-5ABD9991F28F}") = "T013", "..\T013\T013\T013.vbproj", "{30687EBD-330A-455B-87A0-8946BCACB5DD}"
EndProject
Project("{F184B08F-C81C-45F6-A57F-5ABD9991F28F}") = "T014", "..\T014\T014\T014.vbproj", "{FD63F4C4-B2D8-4BD1-B8C0-BC1EB2D45799}"
EndProject
Project("{F184B08F-C81C-45F6-A57F-5ABD9991F28F}") = "T015", "..\T015\T015\T015.vbproj", "{1352B468-3FEA-409C-8843-EDA5BCB09367}"
EndProject
Project("{F184B08F-C81C-45F6-A57F-5ABD9991F28F}") = "T016", "..\T016\T016\T016.vbproj", "{A0D9950C-746C-439C-9282-F3E6D626A372}"
EndProject
Project("{F184B08F-C81C-45F6-A57F-5ABD9991F28F}") = "T018", "..\T018\T018\T018.vbproj", "{11DCCBC2-9104-4B27-BBFC-63AED0CD77EE}"
EndProject
Project("{F184B08F-C81C-45F6-A57F-5ABD9991F28F}") = "T017", "..\T017\T017\T017.vbproj", "{F650D877-BEA3-4A7D-AE9F-890D0139FB5F}"
EndProject
Project("{F184B08F-C81C-45F6-A57F-5ABD9991F28F}") = "T019", "..\T019\T019\T019.vbproj", "{1223AD6F-5DA7-4349-8E37-35911AA5B590}"
EndProject
Project("{F184B08F-C81C-45F6-A57F-5ABD9991F28F}") = "T001", "..\T001_HumanMS\WindowsApplication1\T001.vbproj", "{067F7A35-B0F8-4EFF-856F-521765488E9A}"
EndProject
Project("{F184B08F-C81C-45F6-A57F-5ABD9991F28F}") = "T020", "..\T020\T020\T020.vbproj", "{CBCA38B8-8F7C-40B2-AE3C-7A38B3D3C3ED}"
EndProject
Global
	GlobalSection(SolutionConfigurationPlatforms) = preSolution
		Debug|Any CPU = Debug|Any CPU
		Debug|Mixed Platforms = Debug|Mixed Platforms
		Debug|x86 = Debug|x86
		Release|Any CPU = Release|Any CPU
		Release|Mixed Platforms = Release|Mixed Platforms
		Release|x86 = Release|x86
	EndGlobalSection
	GlobalSection(ProjectConfigurationPlatforms) = postSolution
		{D2201528-7C5C-4A60-A673-4B2760170530}.Debug|Any CPU.ActiveCfg = Debug|Any CPU
		{D2201528-7C5C-4A60-A673-4B2760170530}.Debug|Any CPU.Build.0 = Debug|Any CPU
		{D2201528-7C5C-4A60-A673-4B2760170530}.Debug|Mixed Platforms.ActiveCfg = Debug|Any CPU
		{D2201528-7C5C-4A60-A673-4B2760170530}.Debug|Mixed Platforms.Build.0 = Debug|Any CPU
		{D2201528-7C5C-4A60-A673-4B2760170530}.Debug|x86.ActiveCfg = Debug|Any CPU
		{D2201528-7C5C-4A60-A673-4B2760170530}.Release|Any CPU.ActiveCfg = Release|Any CPU
		{D2201528-7C5C-4A60-A673-4B2760170530}.Release|Any CPU.Build.0 = Release|Any CPU
		{D2201528-7C5C-4A60-A673-4B2760170530}.Release|Mixed Platforms.ActiveCfg = Release|Any CPU
		{D2201528-7C5C-4A60-A673-4B2760170530}.Release|Mixed Platforms.Build.0 = Release|Any CPU
		{D2201528-7C5C-4A60-A673-4B2760170530}.Release|x86.ActiveCfg = Release|Any CPU
		{ACBE4C9B-4418-412C-8D31-7772EC62CC65}.Debug|Any CPU.ActiveCfg = Debug|Any CPU
		{ACBE4C9B-4418-412C-8D31-7772EC62CC65}.Debug|Any CPU.Build.0 = Debug|Any CPU
		{ACBE4C9B-4418-412C-8D31-7772EC62CC65}.Debug|Mixed Platforms.ActiveCfg = Debug|Any CPU
		{ACBE4C9B-4418-412C-8D31-7772EC62CC65}.Debug|Mixed Platforms.Build.0 = Debug|Any CPU
		{ACBE4C9B-4418-412C-8D31-7772EC62CC65}.Debug|x86.ActiveCfg = Debug|Any CPU
		{ACBE4C9B-4418-412C-8D31-7772EC62CC65}.Release|Any CPU.ActiveCfg = Release|Any CPU
		{ACBE4C9B-4418-412C-8D31-7772EC62CC65}.Release|Any CPU.Build.0 = Release|Any CPU
		{ACBE4C9B-4418-412C-8D31-7772EC62CC65}.Release|Mixed Platforms.ActiveCfg = Release|Any CPU
		{ACBE4C9B-4418-412C-8D31-7772EC62CC65}.Release|Mixed Platforms.Build.0 = Release|Any CPU
		{ACBE4C9B-4418-412C-8D31-7772EC62CC65}.Release|x86.ActiveCfg = Release|Any CPU
		{B7D994F6-7956-42C9-A29D-63351AFFDA2F}.Debug|Any CPU.ActiveCfg = Debug|Any CPU
		{B7D994F6-7956-42C9-A29D-63351AFFDA2F}.Debug|Any CPU.Build.0 = Debug|Any CPU
		{B7D994F6-7956-42C9-A29D-63351AFFDA2F}.Debug|Mixed Platforms.ActiveCfg = Debug|Any CPU
		{B7D994F6-7956-42C9-A29D-63351AFFDA2F}.Debug|Mixed Platforms.Build.0 = Debug|Any CPU
		{B7D994F6-7956-42C9-A29D-63351AFFDA2F}.Debug|x86.ActiveCfg = Debug|Any CPU
		{B7D994F6-7956-42C9-A29D-63351AFFDA2F}.Release|Any CPU.ActiveCfg = Release|Any CPU
		{B7D994F6-7956-42C9-A29D-63351AFFDA2F}.Release|Any CPU.Build.0 = Release|Any CPU
		{B7D994F6-7956-42C9-A29D-63351AFFDA2F}.Release|Mixed Platforms.ActiveCfg = Release|Any CPU
		{B7D994F6-7956-42C9-A29D-63351AFFDA2F}.Release|Mixed Platforms.Build.0 = Release|Any CPU
		{B7D994F6-7956-42C9-A29D-63351AFFDA2F}.Release|x86.ActiveCfg = Release|Any CPU
		{3FD45C70-7C8C-459F-AEE5-FB782F5AAC1D}.Debug|Any CPU.ActiveCfg = Debug|Any CPU
		{3FD45C70-7C8C-459F-AEE5-FB782F5AAC1D}.Debug|Any CPU.Build.0 = Debug|Any CPU
		{3FD45C70-7C8C-459F-AEE5-FB782F5AAC1D}.Debug|Mixed Platforms.ActiveCfg = Debug|Any CPU
		{3FD45C70-7C8C-459F-AEE5-FB782F5AAC1D}.Debug|Mixed Platforms.Build.0 = Debug|Any CPU
		{3FD45C70-7C8C-459F-AEE5-FB782F5AAC1D}.Debug|x86.ActiveCfg = Debug|Any CPU
		{3FD45C70-7C8C-459F-AEE5-FB782F5AAC1D}.Release|Any CPU.ActiveCfg = Release|Any CPU
		{3FD45C70-7C8C-459F-AEE5-FB782F5AAC1D}.Release|Any CPU.Build.0 = Release|Any CPU
		{3FD45C70-7C8C-459F-AEE5-FB782F5AAC1D}.Release|Mixed Platforms.ActiveCfg = Release|Any CPU
		{3FD45C70-7C8C-459F-AEE5-FB782F5AAC1D}.Release|Mixed Platforms.Build.0 = Release|Any CPU
		{3FD45C70-7C8C-459F-AEE5-FB782F5AAC1D}.Release|x86.ActiveCfg = Release|Any CPU
		{A606BA13-F733-4C59-B9FA-3C5EB7951FBA}.Debug|Any CPU.ActiveCfg = Debug|Any CPU
		{A606BA13-F733-4C59-B9FA-3C5EB7951FBA}.Debug|Any CPU.Build.0 = Debug|Any CPU
		{A606BA13-F733-4C59-B9FA-3C5EB7951FBA}.Debug|Mixed Platforms.ActiveCfg = Debug|Any CPU
		{A606BA13-F733-4C59-B9FA-3C5EB7951FBA}.Debug|Mixed Platforms.Build.0 = Debug|Any CPU
		{A606BA13-F733-4C59-B9FA-3C5EB7951FBA}.Debug|x86.ActiveCfg = Debug|Any CPU
		{A606BA13-F733-4C59-B9FA-3C5EB7951FBA}.Release|Any CPU.ActiveCfg = Release|Any CPU
		{A606BA13-F733-4C59-B9FA-3C5EB7951FBA}.Release|Any CPU.Build.0 = Release|Any CPU
		{A606BA13-F733-4C59-B9FA-3C5EB7951FBA}.Release|Mixed Platforms.ActiveCfg = Release|Any CPU
		{A606BA13-F733-4C59-B9FA-3C5EB7951FBA}.Release|Mixed Platforms.Build.0 = Release|Any CPU
		{A606BA13-F733-4C59-B9FA-3C5EB7951FBA}.Release|x86.ActiveCfg = Release|Any CPU
		{135497FA-AECA-43E5-B6FC-6C8CF806A642}.Debug|Any CPU.ActiveCfg = Debug|Any CPU
		{135497FA-AECA-43E5-B6FC-6C8CF806A642}.Debug|Any CPU.Build.0 = Debug|Any CPU
		{135497FA-AECA-43E5-B6FC-6C8CF806A642}.Debug|Mixed Platforms.ActiveCfg = Debug|Any CPU
		{135497FA-AECA-43E5-B6FC-6C8CF806A642}.Debug|Mixed Platforms.Build.0 = Debug|Any CPU
		{135497FA-AECA-43E5-B6FC-6C8CF806A642}.Debug|x86.ActiveCfg = Debug|Any CPU
		{135497FA-AECA-43E5-B6FC-6C8CF806A642}.Release|Any CPU.ActiveCfg = Release|Any CPU
		{135497FA-AECA-43E5-B6FC-6C8CF806A642}.Release|Any CPU.Build.0 = Release|Any CPU
		{135497FA-AECA-43E5-B6FC-6C8CF806A642}.Release|Mixed Platforms.ActiveCfg = Release|Any CPU
		{135497FA-AECA-43E5-B6FC-6C8CF806A642}.Release|Mixed Platforms.Build.0 = Release|Any CPU
		{135497FA-AECA-43E5-B6FC-6C8CF806A642}.Release|x86.ActiveCfg = Release|Any CPU
		{A4CE6F03-089E-4AC1-8514-304AFA896B90}.Debug|Any CPU.ActiveCfg = Debug|Any CPU
		{A4CE6F03-089E-4AC1-8514-304AFA896B90}.Debug|Any CPU.Build.0 = Debug|Any CPU
		{A4CE6F03-089E-4AC1-8514-304AFA896B90}.Debug|Mixed Platforms.ActiveCfg = Debug|Any CPU
		{A4CE6F03-089E-4AC1-8514-304AFA896B90}.Debug|Mixed Platforms.Build.0 = Debug|Any CPU
		{A4CE6F03-089E-4AC1-8514-304AFA896B90}.Debug|x86.ActiveCfg = Debug|Any CPU
		{A4CE6F03-089E-4AC1-8514-304AFA896B90}.Release|Any CPU.ActiveCfg = Release|Any CPU
		{A4CE6F03-089E-4AC1-8514-304AFA896B90}.Release|Any CPU.Build.0 = Release|Any CPU
		{A4CE6F03-089E-4AC1-8514-304AFA896B90}.Release|Mixed Platforms.ActiveCfg = Release|Any CPU
		{A4CE6F03-089E-4AC1-8514-304AFA896B90}.Release|Mixed Platforms.Build.0 = Release|Any CPU
		{A4CE6F03-089E-4AC1-8514-304AFA896B90}.Release|x86.ActiveCfg = Release|Any CPU
		{B0156994-0926-4863-9D56-4ED24DD5D74E}.Debug|Any CPU.ActiveCfg = Debug|Any CPU
		{B0156994-0926-4863-9D56-4ED24DD5D74E}.Debug|Any CPU.Build.0 = Debug|Any CPU
		{B0156994-0926-4863-9D56-4ED24DD5D74E}.Debug|Mixed Platforms.ActiveCfg = Debug|Any CPU
		{B0156994-0926-4863-9D56-4ED24DD5D74E}.Debug|Mixed Platforms.Build.0 = Debug|Any CPU
		{B0156994-0926-4863-9D56-4ED24DD5D74E}.Debug|x86.ActiveCfg = Debug|Any CPU
		{B0156994-0926-4863-9D56-4ED24DD5D74E}.Release|Any CPU.ActiveCfg = Release|Any CPU
		{B0156994-0926-4863-9D56-4ED24DD5D74E}.Release|Any CPU.Build.0 = Release|Any CPU
		{B0156994-0926-4863-9D56-4ED24DD5D74E}.Release|Mixed Platforms.ActiveCfg = Release|Any CPU
		{B0156994-0926-4863-9D56-4ED24DD5D74E}.Release|Mixed Platforms.Build.0 = Release|Any CPU
		{B0156994-0926-4863-9D56-4ED24DD5D74E}.Release|x86.ActiveCfg = Release|Any CPU
		{C2444886-C7F6-4248-98DF-C7700F11DFEB}.Debug|Any CPU.ActiveCfg = Debug|Any CPU
		{C2444886-C7F6-4248-98DF-C7700F11DFEB}.Debug|Any CPU.Build.0 = Debug|Any CPU
		{C2444886-C7F6-4248-98DF-C7700F11DFEB}.Debug|Mixed Platforms.ActiveCfg = Debug|Any CPU
		{C2444886-C7F6-4248-98DF-C7700F11DFEB}.Debug|Mixed Platforms.Build.0 = Debug|Any CPU
		{C2444886-C7F6-4248-98DF-C7700F11DFEB}.Debug|x86.ActiveCfg = Debug|Any CPU
		{C2444886-C7F6-4248-98DF-C7700F11DFEB}.Release|Any CPU.ActiveCfg = Release|Any CPU
		{C2444886-C7F6-4248-98DF-C7700F11DFEB}.Release|Any CPU.Build.0 = Release|Any CPU
		{C2444886-C7F6-4248-98DF-C7700F11DFEB}.Release|Mixed Platforms.ActiveCfg = Release|Any CPU
		{C2444886-C7F6-4248-98DF-C7700F11DFEB}.Release|Mixed Platforms.Build.0 = Release|Any CPU
		{C2444886-C7F6-4248-98DF-C7700F11DFEB}.Release|x86.ActiveCfg = Release|Any CPU
		{270FBABE-030A-4871-ADAE-4ED6EADD7E9F}.Debug|Any CPU.ActiveCfg = Debug|Any CPU
		{270FBABE-030A-4871-ADAE-4ED6EADD7E9F}.Debug|Any CPU.Build.0 = Debug|Any CPU
		{270FBABE-030A-4871-ADAE-4ED6EADD7E9F}.Debug|Mixed Platforms.ActiveCfg = Debug|Any CPU
		{270FBABE-030A-4871-ADAE-4ED6EADD7E9F}.Debug|Mixed Platforms.Build.0 = Debug|Any CPU
		{270FBABE-030A-4871-ADAE-4ED6EADD7E9F}.Debug|x86.ActiveCfg = Debug|Any CPU
		{270FBABE-030A-4871-ADAE-4ED6EADD7E9F}.Release|Any CPU.ActiveCfg = Release|Any CPU
		{270FBABE-030A-4871-ADAE-4ED6EADD7E9F}.Release|Any CPU.Build.0 = Release|Any CPU
		{270FBABE-030A-4871-ADAE-4ED6EADD7E9F}.Release|Mixed Platforms.ActiveCfg = Release|Any CPU
		{270FBABE-030A-4871-ADAE-4ED6EADD7E9F}.Release|Mixed Platforms.Build.0 = Release|Any CPU
		{270FBABE-030A-4871-ADAE-4ED6EADD7E9F}.Release|x86.ActiveCfg = Release|Any CPU
		{7751CBAA-070E-4B39-9B80-D8D55C7EA4CD}.Debug|Any CPU.ActiveCfg = Debug|Any CPU
		{7751CBAA-070E-4B39-9B80-D8D55C7EA4CD}.Debug|Any CPU.Build.0 = Debug|Any CPU
		{7751CBAA-070E-4B39-9B80-D8D55C7EA4CD}.Debug|Mixed Platforms.ActiveCfg = Debug|Any CPU
		{7751CBAA-070E-4B39-9B80-D8D55C7EA4CD}.Debug|Mixed Platforms.Build.0 = Debug|Any CPU
		{7751CBAA-070E-4B39-9B80-D8D55C7EA4CD}.Debug|x86.ActiveCfg = Debug|Any CPU
		{7751CBAA-070E-4B39-9B80-D8D55C7EA4CD}.Release|Any CPU.ActiveCfg = Release|Any CPU
		{7751CBAA-070E-4B39-9B80-D8D55C7EA4CD}.Release|Any CPU.Build.0 = Release|Any CPU
		{7751CBAA-070E-4B39-9B80-D8D55C7EA4CD}.Release|Mixed Platforms.ActiveCfg = Release|Any CPU
		{7751CBAA-070E-4B39-9B80-D8D55C7EA4CD}.Release|Mixed Platforms.Build.0 = Release|Any CPU
		{7751CBAA-070E-4B39-9B80-D8D55C7EA4CD}.Release|x86.ActiveCfg = Release|Any CPU
		{538020B3-1D75-4BC5-A8BD-445941B8A48A}.Debug|Any CPU.ActiveCfg = Debug|Any CPU
		{538020B3-1D75-4BC5-A8BD-445941B8A48A}.Debug|Any CPU.Build.0 = Debug|Any CPU
		{538020B3-1D75-4BC5-A8BD-445941B8A48A}.Debug|Mixed Platforms.ActiveCfg = Debug|Any CPU
		{538020B3-1D75-4BC5-A8BD-445941B8A48A}.Debug|Mixed Platforms.Build.0 = Debug|Any CPU
		{538020B3-1D75-4BC5-A8BD-445941B8A48A}.Debug|x86.ActiveCfg = Debug|Any CPU
		{538020B3-1D75-4BC5-A8BD-445941B8A48A}.Release|Any CPU.ActiveCfg = Release|Any CPU
		{538020B3-1D75-4BC5-A8BD-445941B8A48A}.Release|Any CPU.Build.0 = Release|Any CPU
		{538020B3-1D75-4BC5-A8BD-445941B8A48A}.Release|Mixed Platforms.ActiveCfg = Release|Any CPU
		{538020B3-1D75-4BC5-A8BD-445941B8A48A}.Release|Mixed Platforms.Build.0 = Release|Any CPU
		{538020B3-1D75-4BC5-A8BD-445941B8A48A}.Release|x86.ActiveCfg = Release|Any CPU
		{30687EBD-330A-455B-87A0-8946BCACB5DD}.Debug|Any CPU.ActiveCfg = Debug|Any CPU
		{30687EBD-330A-455B-87A0-8946BCACB5DD}.Debug|Any CPU.Build.0 = Debug|Any CPU
		{30687EBD-330A-455B-87A0-8946BCACB5DD}.Debug|Mixed Platforms.ActiveCfg = Debug|Any CPU
		{30687EBD-330A-455B-87A0-8946BCACB5DD}.Debug|Mixed Platforms.Build.0 = Debug|Any CPU
		{30687EBD-330A-455B-87A0-8946BCACB5DD}.Debug|x86.ActiveCfg = Debug|Any CPU
		{30687EBD-330A-455B-87A0-8946BCACB5DD}.Release|Any CPU.ActiveCfg = Release|Any CPU
		{30687EBD-330A-455B-87A0-8946BCACB5DD}.Release|Any CPU.Build.0 = Release|Any CPU
		{30687EBD-330A-455B-87A0-8946BCACB5DD}.Release|Mixed Platforms.ActiveCfg = Release|Any CPU
		{30687EBD-330A-455B-87A0-8946BCACB5DD}.Release|Mixed Platforms.Build.0 = Release|Any CPU
		{30687EBD-330A-455B-87A0-8946BCACB5DD}.Release|x86.ActiveCfg = Release|Any CPU
		{FD63F4C4-B2D8-4BD1-B8C0-BC1EB2D45799}.Debug|Any CPU.ActiveCfg = Debug|Any CPU
		{FD63F4C4-B2D8-4BD1-B8C0-BC1EB2D45799}.Debug|Any CPU.Build.0 = Debug|Any CPU
		{FD63F4C4-B2D8-4BD1-B8C0-BC1EB2D45799}.Debug|Mixed Platforms.ActiveCfg = Debug|Any CPU
		{FD63F4C4-B2D8-4BD1-B8C0-BC1EB2D45799}.Debug|Mixed Platforms.Build.0 = Debug|Any CPU
		{FD63F4C4-B2D8-4BD1-B8C0-BC1EB2D45799}.Debug|x86.ActiveCfg = Debug|Any CPU
		{FD63F4C4-B2D8-4BD1-B8C0-BC1EB2D45799}.Release|Any CPU.ActiveCfg = Release|Any CPU
		{FD63F4C4-B2D8-4BD1-B8C0-BC1EB2D45799}.Release|Any CPU.Build.0 = Release|Any CPU
		{FD63F4C4-B2D8-4BD1-B8C0-BC1EB2D45799}.Release|Mixed Platforms.ActiveCfg = Release|Any CPU
		{FD63F4C4-B2D8-4BD1-B8C0-BC1EB2D45799}.Release|Mixed Platforms.Build.0 = Release|Any CPU
		{FD63F4C4-B2D8-4BD1-B8C0-BC1EB2D45799}.Release|x86.ActiveCfg = Release|Any CPU
		{1352B468-3FEA-409C-8843-EDA5BCB09367}.Debug|Any CPU.ActiveCfg = Debug|Any CPU
		{1352B468-3FEA-409C-8843-EDA5BCB09367}.Debug|Any CPU.Build.0 = Debug|Any CPU
		{1352B468-3FEA-409C-8843-EDA5BCB09367}.Debug|Mixed Platforms.ActiveCfg = Debug|Any CPU
		{1352B468-3FEA-409C-8843-EDA5BCB09367}.Debug|Mixed Platforms.Build.0 = Debug|Any CPU
		{1352B468-3FEA-409C-8843-EDA5BCB09367}.Debug|x86.ActiveCfg = Debug|Any CPU
		{1352B468-3FEA-409C-8843-EDA5BCB09367}.Release|Any CPU.ActiveCfg = Release|Any CPU
		{1352B468-3FEA-409C-8843-EDA5BCB09367}.Release|Any CPU.Build.0 = Release|Any CPU
		{1352B468-3FEA-409C-8843-EDA5BCB09367}.Release|Mixed Platforms.ActiveCfg = Release|Any CPU
		{1352B468-3FEA-409C-8843-EDA5BCB09367}.Release|Mixed Platforms.Build.0 = Release|Any CPU
		{1352B468-3FEA-409C-8843-EDA5BCB09367}.Release|x86.ActiveCfg = Release|Any CPU
		{A0D9950C-746C-439C-9282-F3E6D626A372}.Debug|Any CPU.ActiveCfg = Debug|Any CPU
		{A0D9950C-746C-439C-9282-F3E6D626A372}.Debug|Any CPU.Build.0 = Debug|Any CPU
		{A0D9950C-746C-439C-9282-F3E6D626A372}.Debug|Mixed Platforms.ActiveCfg = Debug|Any CPU
		{A0D9950C-746C-439C-9282-F3E6D626A372}.Debug|Mixed Platforms.Build.0 = Debug|Any CPU
		{A0D9950C-746C-439C-9282-F3E6D626A372}.Debug|x86.ActiveCfg = Debug|Any CPU
		{A0D9950C-746C-439C-9282-F3E6D626A372}.Release|Any CPU.ActiveCfg = Release|Any CPU
		{A0D9950C-746C-439C-9282-F3E6D626A372}.Release|Any CPU.Build.0 = Release|Any CPU
		{A0D9950C-746C-439C-9282-F3E6D626A372}.Release|Mixed Platforms.ActiveCfg = Release|Any CPU
		{A0D9950C-746C-439C-9282-F3E6D626A372}.Release|Mixed Platforms.Build.0 = Release|Any CPU
		{A0D9950C-746C-439C-9282-F3E6D626A372}.Release|x86.ActiveCfg = Release|Any CPU
		{11DCCBC2-9104-4B27-BBFC-63AED0CD77EE}.Debug|Any CPU.ActiveCfg = Debug|Any CPU
		{11DCCBC2-9104-4B27-BBFC-63AED0CD77EE}.Debug|Any CPU.Build.0 = Debug|Any CPU
		{11DCCBC2-9104-4B27-BBFC-63AED0CD77EE}.Debug|Mixed Platforms.ActiveCfg = Debug|Any CPU
		{11DCCBC2-9104-4B27-BBFC-63AED0CD77EE}.Debug|Mixed Platforms.Build.0 = Debug|Any CPU
		{11DCCBC2-9104-4B27-BBFC-63AED0CD77EE}.Debug|x86.ActiveCfg = Debug|Any CPU
		{11DCCBC2-9104-4B27-BBFC-63AED0CD77EE}.Release|Any CPU.ActiveCfg = Release|Any CPU
		{11DCCBC2-9104-4B27-BBFC-63AED0CD77EE}.Release|Any CPU.Build.0 = Release|Any CPU
		{11DCCBC2-9104-4B27-BBFC-63AED0CD77EE}.Release|Mixed Platforms.ActiveCfg = Release|Any CPU
		{11DCCBC2-9104-4B27-BBFC-63AED0CD77EE}.Release|Mixed Platforms.Build.0 = Release|Any CPU
		{11DCCBC2-9104-4B27-BBFC-63AED0CD77EE}.Release|x86.ActiveCfg = Release|Any CPU
		{F650D877-BEA3-4A7D-AE9F-890D0139FB5F}.Debug|Any CPU.ActiveCfg = Debug|Any CPU
		{F650D877-BEA3-4A7D-AE9F-890D0139FB5F}.Debug|Any CPU.Build.0 = Debug|Any CPU
		{F650D877-BEA3-4A7D-AE9F-890D0139FB5F}.Debug|Mixed Platforms.ActiveCfg = Debug|Any CPU
		{F650D877-BEA3-4A7D-AE9F-890D0139FB5F}.Debug|Mixed Platforms.Build.0 = Debug|Any CPU
		{F650D877-BEA3-4A7D-AE9F-890D0139FB5F}.Debug|x86.ActiveCfg = Debug|Any CPU
		{F650D877-BEA3-4A7D-AE9F-890D0139FB5F}.Release|Any CPU.ActiveCfg = Release|Any CPU
		{F650D877-BEA3-4A7D-AE9F-890D0139FB5F}.Release|Any CPU.Build.0 = Release|Any CPU
		{F650D877-BEA3-4A7D-AE9F-890D0139FB5F}.Release|Mixed Platforms.ActiveCfg = Release|Any CPU
		{F650D877-BEA3-4A7D-AE9F-890D0139FB5F}.Release|Mixed Platforms.Build.0 = Release|Any CPU
		{F650D877-BEA3-4A7D-AE9F-890D0139FB5F}.Release|x86.ActiveCfg = Release|Any CPU
		{1223AD6F-5DA7-4349-8E37-35911AA5B590}.Debug|Any CPU.ActiveCfg = Debug|Any CPU
		{1223AD6F-5DA7-4349-8E37-35911AA5B590}.Debug|Any CPU.Build.0 = Debug|Any CPU
		{1223AD6F-5DA7-4349-8E37-35911AA5B590}.Debug|Mixed Platforms.ActiveCfg = Debug|Any CPU
		{1223AD6F-5DA7-4349-8E37-35911AA5B590}.Debug|Mixed Platforms.Build.0 = Debug|Any CPU
		{1223AD6F-5DA7-4349-8E37-35911AA5B590}.Debug|x86.ActiveCfg = Debug|Any CPU
		{1223AD6F-5DA7-4349-8E37-35911AA5B590}.Release|Any CPU.ActiveCfg = Release|Any CPU
		{1223AD6F-5DA7-4349-8E37-35911AA5B590}.Release|Any CPU.Build.0 = Release|Any CPU
		{1223AD6F-5DA7-4349-8E37-35911AA5B590}.Release|Mixed Platforms.ActiveCfg = Release|Any CPU
		{1223AD6F-5DA7-4349-8E37-35911AA5B590}.Release|Mixed Platforms.Build.0 = Release|Any CPU
		{1223AD6F-5DA7-4349-8E37-35911AA5B590}.Release|x86.ActiveCfg = Release|Any CPU
		{067F7A35-B0F8-4EFF-856F-521765488E9A}.Debug|Any CPU.ActiveCfg = Debug|Any CPU
		{067F7A35-B0F8-4EFF-856F-521765488E9A}.Debug|Any CPU.Build.0 = Debug|Any CPU
		{067F7A35-B0F8-4EFF-856F-521765488E9A}.Debug|Mixed Platforms.ActiveCfg = Debug|Any CPU
		{067F7A35-B0F8-4EFF-856F-521765488E9A}.Debug|Mixed Platforms.Build.0 = Debug|Any CPU
		{067F7A35-B0F8-4EFF-856F-521765488E9A}.Debug|x86.ActiveCfg = Debug|Any CPU
		{067F7A35-B0F8-4EFF-856F-521765488E9A}.Release|Any CPU.ActiveCfg = Release|Any CPU
		{067F7A35-B0F8-4EFF-856F-521765488E9A}.Release|Any CPU.Build.0 = Release|Any CPU
		{067F7A35-B0F8-4EFF-856F-521765488E9A}.Release|Mixed Platforms.ActiveCfg = Release|Any CPU
		{067F7A35-B0F8-4EFF-856F-521765488E9A}.Release|Mixed Platforms.Build.0 = Release|Any CPU
		{067F7A35-B0F8-4EFF-856F-521765488E9A}.Release|x86.ActiveCfg = Release|Any CPU
		{CBCA38B8-8F7C-40B2-AE3C-7A38B3D3C3ED}.Debug|Any CPU.ActiveCfg = Debug|Any CPU
		{CBCA38B8-8F7C-40B2-AE3C-7A38B3D3C3ED}.Debug|Any CPU.Build.0 = Debug|Any CPU
		{CBCA38B8-8F7C-40B2-AE3C-7A38B3D3C3ED}.Debug|Mixed Platforms.ActiveCfg = Debug|Any CPU
		{CBCA38B8-8F7C-40B2-AE3C-7A38B3D3C3ED}.Debug|Mixed Platforms.Build.0 = Debug|Any CPU
		{CBCA38B8-8F7C-40B2-AE3C-7A38B3D3C3ED}.Debug|x86.ActiveCfg = Debug|Any CPU
		{CBCA38B8-8F7C-40B2-AE3C-7A38B3D3C3ED}.Release|Any CPU.ActiveCfg = Release|Any CPU
		{CBCA38B8-8F7C-40B2-AE3C-7A38B3D3C3ED}.Release|Any CPU.Build.0 = Release|Any CPU
		{CBCA38B8-8F7C-40B2-AE3C-7A38B3D3C3ED}.Release|Mixed Platforms.ActiveCfg = Release|Any CPU
		{CBCA38B8-8F7C-40B2-AE3C-7A38B3D3C3ED}.Release|Mixed Platforms.Build.0 = Release|Any CPU
		{CBCA38B8-8F7C-40B2-AE3C-7A38B3D3C3ED}.Release|x86.ActiveCfg = Release|Any CPU
	EndGlobalSection
	GlobalSection(SolutionProperties) = preSolution
		HideSolutionNode = FALSE
	EndGlobalSection
EndGlobal
